// !$*UTF8*$!
{
	archiveVersion = 1;
	classes = {
	};
	objectVersion = 46;
	objects = {

/* Begin PBXBuildFile section */
		5B2FEF7A175DD269002A7F88 /* SSAddCommentViewController.m in Sources */ = {isa = PBXBuildFile; fileRef = 5B2FEF79175DD269002A7F88 /* SSAddCommentViewController.m */; };
		5B2FEF7C175DD718002A7F88 /* actionButton.png in Resources */ = {isa = PBXBuildFile; fileRef = 5B2FEF7B175DD718002A7F88 /* actionButton.png */; };
		5B2FEF7F175DE8D1002A7F88 /* cross_scratches_@2X.png in Resources */ = {isa = PBXBuildFile; fileRef = 5B2FEF7D175DE8D1002A7F88 /* cross_scratches_@2X.png */; };
		5B2FEF80175DE8D1002A7F88 /* cross_scratches.png in Resources */ = {isa = PBXBuildFile; fileRef = 5B2FEF7E175DE8D1002A7F88 /* cross_scratches.png */; };
		5B2FEF82175DEA92002A7F88 /* addToListIco@2x.png in Resources */ = {isa = PBXBuildFile; fileRef = 5B2FEF81175DEA92002A7F88 /* addToListIco@2x.png */; };
		5B2FEF84175DEBA3002A7F88 /* thumbBorder@2x.png in Resources */ = {isa = PBXBuildFile; fileRef = 5B2FEF83175DEBA3002A7F88 /* thumbBorder@2x.png */; };
		5B4E286D1757B88E004C0684 /* SSProductContentView.m in Sources */ = {isa = PBXBuildFile; fileRef = 5B4E286C1757B88E004C0684 /* SSProductContentView.m */; };
		5B730C9D17589A6800ADA166 /* REMenu.m in Sources */ = {isa = PBXBuildFile; fileRef = 5B730C9617589A6800ADA166 /* REMenu.m */; };
		5B730C9E17589A6800ADA166 /* REMenuContainerView.m in Sources */ = {isa = PBXBuildFile; fileRef = 5B730C9817589A6800ADA166 /* REMenuContainerView.m */; };
		5B730C9F17589A6800ADA166 /* REMenuItem.m in Sources */ = {isa = PBXBuildFile; fileRef = 5B730C9A17589A6800ADA166 /* REMenuItem.m */; };
		5B730CA017589A6800ADA166 /* REMenuItemView.m in Sources */ = {isa = PBXBuildFile; fileRef = 5B730C9C17589A6800ADA166 /* REMenuItemView.m */; };
		5B730CA217589AC100ADA166 /* SSProductView.xib in Resources */ = {isa = PBXBuildFile; fileRef = 5B730CA117589AC100ADA166 /* SSProductView.xib */; };
		5B9C2589175A35C60004446F /* SSCommentCell.m in Sources */ = {isa = PBXBuildFile; fileRef = 5B9C2588175A35C60004446F /* SSCommentCell.m */; };
		5B9C258B175A35E30004446F /* SSCommentCellUI.xib in Resources */ = {isa = PBXBuildFile; fileRef = 5B9C258A175A35E30004446F /* SSCommentCellUI.xib */; };
		5B9C258F175A43ED0004446F /* plusButton.png in Resources */ = {isa = PBXBuildFile; fileRef = 5B9C258E175A43ED0004446F /* plusButton.png */; };
		5BB95C15175B547E00EFB5D4 /* arrowUp.png in Resources */ = {isa = PBXBuildFile; fileRef = 5BB95C13175B547E00EFB5D4 /* arrowUp.png */; };
		5BB95C16175B547E00EFB5D4 /* arrowDown.png in Resources */ = {isa = PBXBuildFile; fileRef = 5BB95C14175B547E00EFB5D4 /* arrowDown.png */; };
		5BB95C1B175B577A00EFB5D4 /* pictoRateVeryGood@2x.png in Resources */ = {isa = PBXBuildFile; fileRef = 5BB95C17175B577A00EFB5D4 /* pictoRateVeryGood@2x.png */; };
		5BB95C1C175B577A00EFB5D4 /* pictoRateBof@2x.png in Resources */ = {isa = PBXBuildFile; fileRef = 5BB95C18175B577A00EFB5D4 /* pictoRateBof@2x.png */; };
		5BB95C1D175B577A00EFB5D4 /* pictoRateGood@2x.png in Resources */ = {isa = PBXBuildFile; fileRef = 5BB95C19175B577A00EFB5D4 /* pictoRateGood@2x.png */; };
		5BB95C1E175B577A00EFB5D4 /* pictoRateBad@2x.png in Resources */ = {isa = PBXBuildFile; fileRef = 5BB95C1A175B577A00EFB5D4 /* pictoRateBad@2x.png */; };
		5BB95C24175B5BF400EFB5D4 /* blueButton.png in Resources */ = {isa = PBXBuildFile; fileRef = 5BB95C20175B5BF400EFB5D4 /* blueButton.png */; };
		5BB95C25175B5BF400EFB5D4 /* blueButton@2x.png in Resources */ = {isa = PBXBuildFile; fileRef = 5BB95C21175B5BF400EFB5D4 /* blueButton@2x.png */; };
		5BB95C26175B5BF400EFB5D4 /* blueButtonHighlight.png in Resources */ = {isa = PBXBuildFile; fileRef = 5BB95C22175B5BF400EFB5D4 /* blueButtonHighlight.png */; };
		5BB95C27175B5BF400EFB5D4 /* blueButtonHighlight@2x.png in Resources */ = {isa = PBXBuildFile; fileRef = 5BB95C23175B5BF400EFB5D4 /* blueButtonHighlight@2x.png */; };
		5BCC60A8175624F90096FFC2 /* SSProductViewController.m in Sources */ = {isa = PBXBuildFile; fileRef = 5BCC60A7175624F90096FFC2 /* SSProductViewController.m */; };
		8A0F8AB817315F0F00974581 /* UIKit.framework in Frameworks */ = {isa = PBXBuildFile; fileRef = 8A0F8AB717315F0F00974581 /* UIKit.framework */; };
		8A0F8ABA17315F0F00974581 /* Foundation.framework in Frameworks */ = {isa = PBXBuildFile; fileRef = 8A0F8AB917315F0F00974581 /* Foundation.framework */; };
		8A0F8ABC17315F0F00974581 /* CoreGraphics.framework in Frameworks */ = {isa = PBXBuildFile; fileRef = 8A0F8ABB17315F0F00974581 /* CoreGraphics.framework */; };
		8A0F8AC217315F0F00974581 /* InfoPlist.strings in Resources */ = {isa = PBXBuildFile; fileRef = 8A0F8AC017315F0F00974581 /* InfoPlist.strings */; };
		8A0F8AC417315F0F00974581 /* main.m in Sources */ = {isa = PBXBuildFile; fileRef = 8A0F8AC317315F0F00974581 /* main.m */; };
		8A0F8AC817315F0F00974581 /* SSAppDelegate.m in Sources */ = {isa = PBXBuildFile; fileRef = 8A0F8AC717315F0F00974581 /* SSAppDelegate.m */; };
		8A0F8ACA17315F0F00974581 /* Default.png in Resources */ = {isa = PBXBuildFile; fileRef = 8A0F8AC917315F0F00974581 /* Default.png */; };
		8A0F8ACC17315F0F00974581 /* Default@2x.png in Resources */ = {isa = PBXBuildFile; fileRef = 8A0F8ACB17315F0F00974581 /* Default@2x.png */; };
		8A0F8ACE17315F0F00974581 /* Default-568h@2x.png in Resources */ = {isa = PBXBuildFile; fileRef = 8A0F8ACD17315F0F00974581 /* Default-568h@2x.png */; };
		8A104E60175662BF00EF7C69 /* tabBar_Background@2x.png in Resources */ = {isa = PBXBuildFile; fileRef = 8A104E5F175662BF00EF7C69 /* tabBar_Background@2x.png */; };
		8A1C76D7173D226A0042B9B6 /* MainStoryboard.storyboard in Resources */ = {isa = PBXBuildFile; fileRef = 8A1C76D6173D226A0042B9B6 /* MainStoryboard.storyboard */; };
		8A1C76DC173DAB380042B9B6 /* SSMainViewController.m in Sources */ = {isa = PBXBuildFile; fileRef = 8A1C76DB173DAB380042B9B6 /* SSMainViewController.m */; };
		8A1C7701173DC4BB0042B9B6 /* SSSearchViewController.m in Sources */ = {isa = PBXBuildFile; fileRef = 8A1C7700173DC4BB0042B9B6 /* SSSearchViewController.m */; };
		8A2450291752B70700342B8D /* SSPrice.m in Sources */ = {isa = PBXBuildFile; fileRef = 8A2450281752B70700342B8D /* SSPrice.m */; };
		8A37AB841758C51300C9362D /* SSSearchResultCell.m in Sources */ = {isa = PBXBuildFile; fileRef = 8A37AB831758C51300C9362D /* SSSearchResultCell.m */; };
		8A37AB871758C71100C9362D /* SSResultList.m in Sources */ = {isa = PBXBuildFile; fileRef = 8A37AB861758C71100C9362D /* SSResultList.m */; };
		8A37AB8A1758C9E700C9362D /* SSSearchResultViewController.m in Sources */ = {isa = PBXBuildFile; fileRef = 8A37AB891758C9E700C9362D /* SSSearchResultViewController.m */; };
		8A4096E0173B1651004D4D83 /* SSProduct.m in Sources */ = {isa = PBXBuildFile; fileRef = 8A4096DF173B1651004D4D83 /* SSProduct.m */; };
		8A41942C175B92BF009C9E88 /* SSLocation.m in Sources */ = {isa = PBXBuildFile; fileRef = 8A41942B175B92BF009C9E88 /* SSLocation.m */; };
		8A41942E175B9392009C9E88 /* AddressBook.framework in Frameworks */ = {isa = PBXBuildFile; fileRef = 8A41942D175B9391009C9E88 /* AddressBook.framework */; };
		8A4922E31733C88A00158AEB /* CFNetwork.framework in Frameworks */ = {isa = PBXBuildFile; fileRef = 8A4922E21733C88A00158AEB /* CFNetwork.framework */; };
		8A4922E51733C89B00158AEB /* Security.framework in Frameworks */ = {isa = PBXBuildFile; fileRef = 8A4922E41733C89B00158AEB /* Security.framework */; };
		8A4922E71733C8B700158AEB /* MobileCoreServices.framework in Frameworks */ = {isa = PBXBuildFile; fileRef = 8A4922E61733C8B700158AEB /* MobileCoreServices.framework */; };
		8A4922F117345C7D00158AEB /* SSApi.m in Sources */ = {isa = PBXBuildFile; fileRef = 8A4922F017345C7D00158AEB /* SSApi.m */; };
		8A4922F61735BD0400158AEB /* JSONKit.m in Sources */ = {isa = PBXBuildFile; fileRef = 8A4922F41735BD0400158AEB /* JSONKit.m */; settings = {COMPILER_FLAGS = "-fno-objc-arc"; }; };
		8A7D1F3717447DD2009E7536 /* logoScan&Share@2x.png in Resources */ = {isa = PBXBuildFile; fileRef = 8A7D1F3617447DD2009E7536 /* logoScan&Share@2x.png */; };
		8A7D1F56174481C3009E7536 /* libzbar.a in Frameworks */ = {isa = PBXBuildFile; fileRef = 8A7D1F50174481C3009E7536 /* libzbar.a */; };
		8A7D1F57174481C3009E7536 /* zbar-back.png in Resources */ = {isa = PBXBuildFile; fileRef = 8A7D1F52174481C3009E7536 /* zbar-back.png */; };
		8A7D1F58174481C3009E7536 /* zbar-help.html in Resources */ = {isa = PBXBuildFile; fileRef = 8A7D1F53174481C3009E7536 /* zbar-help.html */; };
		8A7D1F59174481C3009E7536 /* zbar-helpicons.png in Resources */ = {isa = PBXBuildFile; fileRef = 8A7D1F54174481C3009E7536 /* zbar-helpicons.png */; };
		8A7D1F5A174481C3009E7536 /* zbar-samples.png in Resources */ = {isa = PBXBuildFile; fileRef = 8A7D1F55174481C3009E7536 /* zbar-samples.png */; };
		8A7D1F5C174481E9009E7536 /* AVFoundation.framework in Frameworks */ = {isa = PBXBuildFile; fileRef = 8A7D1F5B174481E9009E7536 /* AVFoundation.framework */; };
		8A7D1F5E174481F0009E7536 /* CoreMedia.framework in Frameworks */ = {isa = PBXBuildFile; fileRef = 8A7D1F5D174481F0009E7536 /* CoreMedia.framework */; };
		8A7D1F60174481F9009E7536 /* CoreVideo.framework in Frameworks */ = {isa = PBXBuildFile; fileRef = 8A7D1F5F174481F9009E7536 /* CoreVideo.framework */; };
		8A7D1F6217448200009E7536 /* QuartzCore.framework in Frameworks */ = {isa = PBXBuildFile; fileRef = 8A7D1F6117448200009E7536 /* QuartzCore.framework */; };
		8A7D1F641744820B009E7536 /* libiconv.dylib in Frameworks */ = {isa = PBXBuildFile; fileRef = 8A7D1F631744820B009E7536 /* libiconv.dylib */; };
		8A7D1F6717448320009E7536 /* SSScanViewController.m in Sources */ = {isa = PBXBuildFile; fileRef = 8A7D1F6617448320009E7536 /* SSScanViewController.m */; };
		8A89ACE3175B81500072167D /* AMRatingControl.h in Resources */ = {isa = PBXBuildFile; fileRef = 8A89ACE0175B81500072167D /* AMRatingControl.h */; };
		8A89ACE4175B81500072167D /* AMRatingControl.m in Resources */ = {isa = PBXBuildFile; fileRef = 8A89ACE1175B81500072167D /* AMRatingControl.m */; };
		8A89ACE6175B82FF0072167D /* backButton@2x.png in Resources */ = {isa = PBXBuildFile; fileRef = 8A89ACE5175B82FF0072167D /* backButton@2x.png */; };
		8A89ACEA175B8D570072167D /* SSMapViewController.m in Sources */ = {isa = PBXBuildFile; fileRef = 8A89ACE9175B8D570072167D /* SSMapViewController.m */; };
		8A89ACEC175B8E1E0072167D /* MapKit.framework in Frameworks */ = {isa = PBXBuildFile; fileRef = 8A89ACEB175B8E1E0072167D /* MapKit.framework */; };
		8A9394B3174FB9F50061CFE2 /* SSComment.m in Sources */ = {isa = PBXBuildFile; fileRef = 8A9394B2174FB9F50061CFE2 /* SSComment.m */; };
		8AA95B0B175FD070009BBEA6 /* SSProfileViewController.m in Sources */ = {isa = PBXBuildFile; fileRef = 8AA95B0A175FD070009BBEA6 /* SSProfileViewController.m */; };
		8ACFC68F174D080000771E12 /* SSImage.m in Sources */ = {isa = PBXBuildFile; fileRef = 8ACFC68E174D080000771E12 /* SSImage.m */; };
		8AEAE2251742FDBC007E00DE /* tabBar_Background2@2x.png in Resources */ = {isa = PBXBuildFile; fileRef = 8AEAE21F1742FDBC007E00DE /* tabBar_Background2@2x.png */; };
		8AEAE2271742FDBC007E00DE /* tabBar_Background3@2x.png in Resources */ = {isa = PBXBuildFile; fileRef = 8AEAE2211742FDBC007E00DE /* tabBar_Background3@2x.png */; };
		8AEAE2291742FDBC007E00DE /* tabBar_Background1@2x.png in Resources */ = {isa = PBXBuildFile; fileRef = 8AEAE2231742FDBC007E00DE /* tabBar_Background1@2x.png */; };
		8AEAE231174301E1007E00DE /* tabBar_Background4@2x.png in Resources */ = {isa = PBXBuildFile; fileRef = 8AEAE22D174301E1007E00DE /* tabBar_Background4@2x.png */; };
		8AEAE233174302D2007E00DE /* background@2x.png in Resources */ = {isa = PBXBuildFile; fileRef = 8AEAE232174302D2007E00DE /* background@2x.png */; };
		8AEAE235174304E7007E00DE /* navigationBar@2x.png in Resources */ = {isa = PBXBuildFile; fileRef = 8AEAE234174304E7007E00DE /* navigationBar@2x.png */; };
		8AEAE24017430916007E00DE /* navbar.png in Resources */ = {isa = PBXBuildFile; fileRef = 8AEAE23E17430916007E00DE /* navbar.png */; };
		8AEAE24117430916007E00DE /* navbar@2x.png in Resources */ = {isa = PBXBuildFile; fileRef = 8AEAE23F17430916007E00DE /* navbar@2x.png */; };
		99D1440E4CE14C78B80DBD3D /* libPods.a in Frameworks */ = {isa = PBXBuildFile; fileRef = 733F9113697B41B4BF2970D3 /* libPods.a */; };
/* End PBXBuildFile section */

/* Begin PBXFileReference section */
		5B2FEF78175DD269002A7F88 /* SSAddCommentViewController.h */ = {isa = PBXFileReference; fileEncoding = 4; lastKnownFileType = sourcecode.c.h; name = SSAddCommentViewController.h; path = Classes/SSAddCommentViewController.h; sourceTree = "<group>"; };
		5B2FEF79175DD269002A7F88 /* SSAddCommentViewController.m */ = {isa = PBXFileReference; fileEncoding = 4; lastKnownFileType = sourcecode.c.objc; name = SSAddCommentViewController.m; path = Classes/SSAddCommentViewController.m; sourceTree = "<group>"; };
		5B2FEF7B175DD718002A7F88 /* actionButton.png */ = {isa = PBXFileReference; lastKnownFileType = image.png; path = actionButton.png; sourceTree = "<group>"; };
		5B2FEF7D175DE8D1002A7F88 /* cross_scratches_@2X.png */ = {isa = PBXFileReference; lastKnownFileType = image.png; path = "cross_scratches_@2X.png"; sourceTree = "<group>"; };
		5B2FEF7E175DE8D1002A7F88 /* cross_scratches.png */ = {isa = PBXFileReference; lastKnownFileType = image.png; path = cross_scratches.png; sourceTree = "<group>"; };
		5B2FEF81175DEA92002A7F88 /* addToListIco@2x.png */ = {isa = PBXFileReference; lastKnownFileType = image.png; path = "addToListIco@2x.png"; sourceTree = "<group>"; };
		5B2FEF83175DEBA3002A7F88 /* thumbBorder@2x.png */ = {isa = PBXFileReference; lastKnownFileType = image.png; path = "thumbBorder@2x.png"; sourceTree = "<group>"; };
		5B4E286B1757B88D004C0684 /* SSProductContentView.h */ = {isa = PBXFileReference; fileEncoding = 4; lastKnownFileType = sourcecode.c.h; name = SSProductContentView.h; path = Classes/SSProductContentView.h; sourceTree = "<group>"; };
		5B4E286C1757B88E004C0684 /* SSProductContentView.m */ = {isa = PBXFileReference; fileEncoding = 4; lastKnownFileType = sourcecode.c.objc; name = SSProductContentView.m; path = Classes/SSProductContentView.m; sourceTree = "<group>"; };
		5B730C9517589A6800ADA166 /* REMenu.h */ = {isa = PBXFileReference; fileEncoding = 4; lastKnownFileType = sourcecode.c.h; path = REMenu.h; sourceTree = "<group>"; };
		5B730C9617589A6800ADA166 /* REMenu.m */ = {isa = PBXFileReference; fileEncoding = 4; lastKnownFileType = sourcecode.c.objc; path = REMenu.m; sourceTree = "<group>"; };
		5B730C9717589A6800ADA166 /* REMenuContainerView.h */ = {isa = PBXFileReference; fileEncoding = 4; lastKnownFileType = sourcecode.c.h; path = REMenuContainerView.h; sourceTree = "<group>"; };
		5B730C9817589A6800ADA166 /* REMenuContainerView.m */ = {isa = PBXFileReference; fileEncoding = 4; lastKnownFileType = sourcecode.c.objc; path = REMenuContainerView.m; sourceTree = "<group>"; };
		5B730C9917589A6800ADA166 /* REMenuItem.h */ = {isa = PBXFileReference; fileEncoding = 4; lastKnownFileType = sourcecode.c.h; path = REMenuItem.h; sourceTree = "<group>"; };
		5B730C9A17589A6800ADA166 /* REMenuItem.m */ = {isa = PBXFileReference; fileEncoding = 4; lastKnownFileType = sourcecode.c.objc; path = REMenuItem.m; sourceTree = "<group>"; };
		5B730C9B17589A6800ADA166 /* REMenuItemView.h */ = {isa = PBXFileReference; fileEncoding = 4; lastKnownFileType = sourcecode.c.h; path = REMenuItemView.h; sourceTree = "<group>"; };
		5B730C9C17589A6800ADA166 /* REMenuItemView.m */ = {isa = PBXFileReference; fileEncoding = 4; lastKnownFileType = sourcecode.c.objc; path = REMenuItemView.m; sourceTree = "<group>"; };
		5B730CA117589AC100ADA166 /* SSProductView.xib */ = {isa = PBXFileReference; fileEncoding = 4; lastKnownFileType = file.xib; name = SSProductView.xib; path = Classes/SSProductView.xib; sourceTree = "<group>"; };
		5B730CA51758AC5400ADA166 /* SSButtonSubViewProtocol.h */ = {isa = PBXFileReference; lastKnownFileType = sourcecode.c.h; name = SSButtonSubViewProtocol.h; path = Classes/SSButtonSubViewProtocol.h; sourceTree = "<group>"; };
		5B9C2587175A35C60004446F /* SSCommentCell.h */ = {isa = PBXFileReference; fileEncoding = 4; lastKnownFileType = sourcecode.c.h; name = SSCommentCell.h; path = "Scan&Share/Classes/SSCommentCell.h"; sourceTree = "<group>"; };
		5B9C2588175A35C60004446F /* SSCommentCell.m */ = {isa = PBXFileReference; fileEncoding = 4; lastKnownFileType = sourcecode.c.objc; name = SSCommentCell.m; path = "Scan&Share/Classes/SSCommentCell.m"; sourceTree = "<group>"; };
		5B9C258A175A35E30004446F /* SSCommentCellUI.xib */ = {isa = PBXFileReference; fileEncoding = 4; lastKnownFileType = file.xib; name = SSCommentCellUI.xib; path = "Scan&Share/Classes/SSCommentCellUI.xib"; sourceTree = "<group>"; };
		5B9C258E175A43ED0004446F /* plusButton.png */ = {isa = PBXFileReference; lastKnownFileType = image.png; path = plusButton.png; sourceTree = "<group>"; };
		5BB95C13175B547E00EFB5D4 /* arrowUp.png */ = {isa = PBXFileReference; lastKnownFileType = image.png; path = arrowUp.png; sourceTree = "<group>"; };
		5BB95C14175B547E00EFB5D4 /* arrowDown.png */ = {isa = PBXFileReference; lastKnownFileType = image.png; path = arrowDown.png; sourceTree = "<group>"; };
		5BB95C17175B577A00EFB5D4 /* pictoRateVeryGood@2x.png */ = {isa = PBXFileReference; lastKnownFileType = image.png; path = "pictoRateVeryGood@2x.png"; sourceTree = "<group>"; };
		5BB95C18175B577A00EFB5D4 /* pictoRateBof@2x.png */ = {isa = PBXFileReference; lastKnownFileType = image.png; path = "pictoRateBof@2x.png"; sourceTree = "<group>"; };
		5BB95C19175B577A00EFB5D4 /* pictoRateGood@2x.png */ = {isa = PBXFileReference; lastKnownFileType = image.png; path = "pictoRateGood@2x.png"; sourceTree = "<group>"; };
		5BB95C1A175B577A00EFB5D4 /* pictoRateBad@2x.png */ = {isa = PBXFileReference; lastKnownFileType = image.png; path = "pictoRateBad@2x.png"; sourceTree = "<group>"; };
		5BB95C20175B5BF400EFB5D4 /* blueButton.png */ = {isa = PBXFileReference; lastKnownFileType = image.png; path = blueButton.png; sourceTree = "<group>"; };
		5BB95C21175B5BF400EFB5D4 /* blueButton@2x.png */ = {isa = PBXFileReference; lastKnownFileType = image.png; path = "blueButton@2x.png"; sourceTree = "<group>"; };
		5BB95C22175B5BF400EFB5D4 /* blueButtonHighlight.png */ = {isa = PBXFileReference; lastKnownFileType = image.png; path = blueButtonHighlight.png; sourceTree = "<group>"; };
		5BB95C23175B5BF400EFB5D4 /* blueButtonHighlight@2x.png */ = {isa = PBXFileReference; lastKnownFileType = image.png; path = "blueButtonHighlight@2x.png"; sourceTree = "<group>"; };
		5BCC60A6175624F90096FFC2 /* SSProductViewController.h */ = {isa = PBXFileReference; fileEncoding = 4; lastKnownFileType = sourcecode.c.h; name = SSProductViewController.h; path = Classes/SSProductViewController.h; sourceTree = "<group>"; };
		5BCC60A7175624F90096FFC2 /* SSProductViewController.m */ = {isa = PBXFileReference; fileEncoding = 4; lastKnownFileType = sourcecode.c.objc; name = SSProductViewController.m; path = Classes/SSProductViewController.m; sourceTree = "<group>"; };
		733F9113697B41B4BF2970D3 /* libPods.a */ = {isa = PBXFileReference; explicitFileType = archive.ar; includeInIndex = 0; path = libPods.a; sourceTree = BUILT_PRODUCTS_DIR; };
		8A0F8AB417315F0F00974581 /* Scan&Share.app */ = {isa = PBXFileReference; explicitFileType = wrapper.application; includeInIndex = 0; path = "Scan&Share.app"; sourceTree = BUILT_PRODUCTS_DIR; };
		8A0F8AB717315F0F00974581 /* UIKit.framework */ = {isa = PBXFileReference; lastKnownFileType = wrapper.framework; name = UIKit.framework; path = System/Library/Frameworks/UIKit.framework; sourceTree = SDKROOT; };
		8A0F8AB917315F0F00974581 /* Foundation.framework */ = {isa = PBXFileReference; lastKnownFileType = wrapper.framework; name = Foundation.framework; path = System/Library/Frameworks/Foundation.framework; sourceTree = SDKROOT; };
		8A0F8ABB17315F0F00974581 /* CoreGraphics.framework */ = {isa = PBXFileReference; lastKnownFileType = wrapper.framework; name = CoreGraphics.framework; path = System/Library/Frameworks/CoreGraphics.framework; sourceTree = SDKROOT; };
		8A0F8ABF17315F0F00974581 /* Scan&Share-Info.plist */ = {isa = PBXFileReference; lastKnownFileType = text.plist.xml; path = "Scan&Share-Info.plist"; sourceTree = "<group>"; };
		8A0F8AC117315F0F00974581 /* en */ = {isa = PBXFileReference; lastKnownFileType = text.plist.strings; name = en; path = en.lproj/InfoPlist.strings; sourceTree = "<group>"; };
		8A0F8AC317315F0F00974581 /* main.m */ = {isa = PBXFileReference; lastKnownFileType = sourcecode.c.objc; path = main.m; sourceTree = "<group>"; };
		8A0F8AC517315F0F00974581 /* Scan&Share-Prefix.pch */ = {isa = PBXFileReference; lastKnownFileType = sourcecode.c.h; path = "Scan&Share-Prefix.pch"; sourceTree = "<group>"; };
		8A0F8AC617315F0F00974581 /* SSAppDelegate.h */ = {isa = PBXFileReference; lastKnownFileType = sourcecode.c.h; path = SSAppDelegate.h; sourceTree = "<group>"; };
		8A0F8AC717315F0F00974581 /* SSAppDelegate.m */ = {isa = PBXFileReference; lastKnownFileType = sourcecode.c.objc; path = SSAppDelegate.m; sourceTree = "<group>"; };
		8A0F8AC917315F0F00974581 /* Default.png */ = {isa = PBXFileReference; lastKnownFileType = image.png; path = Default.png; sourceTree = "<group>"; };
		8A0F8ACB17315F0F00974581 /* Default@2x.png */ = {isa = PBXFileReference; lastKnownFileType = image.png; path = "Default@2x.png"; sourceTree = "<group>"; };
		8A0F8ACD17315F0F00974581 /* Default-568h@2x.png */ = {isa = PBXFileReference; lastKnownFileType = image.png; path = "Default-568h@2x.png"; sourceTree = "<group>"; };
		8A104E5F175662BF00EF7C69 /* tabBar_Background@2x.png */ = {isa = PBXFileReference; lastKnownFileType = image.png; path = "tabBar_Background@2x.png"; sourceTree = "<group>"; };
		8A1C76D6173D226A0042B9B6 /* MainStoryboard.storyboard */ = {isa = PBXFileReference; fileEncoding = 4; lastKnownFileType = file.storyboard; path = MainStoryboard.storyboard; sourceTree = "<group>"; };
		8A1C76DA173DAB380042B9B6 /* SSMainViewController.h */ = {isa = PBXFileReference; fileEncoding = 4; lastKnownFileType = sourcecode.c.h; name = SSMainViewController.h; path = Classes/SSMainViewController.h; sourceTree = "<group>"; };
		8A1C76DB173DAB380042B9B6 /* SSMainViewController.m */ = {isa = PBXFileReference; fileEncoding = 4; lastKnownFileType = sourcecode.c.objc; name = SSMainViewController.m; path = Classes/SSMainViewController.m; sourceTree = "<group>"; };
		8A1C76FF173DC4BB0042B9B6 /* SSSearchViewController.h */ = {isa = PBXFileReference; fileEncoding = 4; lastKnownFileType = sourcecode.c.h; name = SSSearchViewController.h; path = Classes/SSSearchViewController.h; sourceTree = "<group>"; };
		8A1C7700173DC4BB0042B9B6 /* SSSearchViewController.m */ = {isa = PBXFileReference; fileEncoding = 4; lastKnownFileType = sourcecode.c.objc; name = SSSearchViewController.m; path = Classes/SSSearchViewController.m; sourceTree = "<group>"; };
		8A2450271752B70700342B8D /* SSPrice.h */ = {isa = PBXFileReference; fileEncoding = 4; lastKnownFileType = sourcecode.c.h; name = SSPrice.h; path = Classes/SSPrice.h; sourceTree = "<group>"; };
		8A2450281752B70700342B8D /* SSPrice.m */ = {isa = PBXFileReference; fileEncoding = 4; lastKnownFileType = sourcecode.c.objc; name = SSPrice.m; path = Classes/SSPrice.m; sourceTree = "<group>"; };
		8A37AB821758C51300C9362D /* SSSearchResultCell.h */ = {isa = PBXFileReference; fileEncoding = 4; lastKnownFileType = sourcecode.c.h; name = SSSearchResultCell.h; path = Classes/SSSearchResultCell.h; sourceTree = "<group>"; };
		8A37AB831758C51300C9362D /* SSSearchResultCell.m */ = {isa = PBXFileReference; fileEncoding = 4; lastKnownFileType = sourcecode.c.objc; name = SSSearchResultCell.m; path = Classes/SSSearchResultCell.m; sourceTree = "<group>"; };
		8A37AB851758C71100C9362D /* SSResultList.h */ = {isa = PBXFileReference; fileEncoding = 4; lastKnownFileType = sourcecode.c.h; name = SSResultList.h; path = Classes/SSResultList.h; sourceTree = "<group>"; };
		8A37AB861758C71100C9362D /* SSResultList.m */ = {isa = PBXFileReference; fileEncoding = 4; lastKnownFileType = sourcecode.c.objc; name = SSResultList.m; path = Classes/SSResultList.m; sourceTree = "<group>"; };
		8A37AB881758C9E700C9362D /* SSSearchResultViewController.h */ = {isa = PBXFileReference; fileEncoding = 4; lastKnownFileType = sourcecode.c.h; name = SSSearchResultViewController.h; path = Classes/SSSearchResultViewController.h; sourceTree = "<group>"; };
		8A37AB891758C9E700C9362D /* SSSearchResultViewController.m */ = {isa = PBXFileReference; fileEncoding = 4; lastKnownFileType = sourcecode.c.objc; name = SSSearchResultViewController.m; path = Classes/SSSearchResultViewController.m; sourceTree = "<group>"; };
		8A4096DE173B1651004D4D83 /* SSProduct.h */ = {isa = PBXFileReference; fileEncoding = 4; lastKnownFileType = sourcecode.c.h; name = SSProduct.h; path = Classes/SSProduct.h; sourceTree = "<group>"; };
		8A4096DF173B1651004D4D83 /* SSProduct.m */ = {isa = PBXFileReference; fileEncoding = 4; lastKnownFileType = sourcecode.c.objc; name = SSProduct.m; path = Classes/SSProduct.m; sourceTree = "<group>"; };
		8A41942A175B92BF009C9E88 /* SSLocation.h */ = {isa = PBXFileReference; fileEncoding = 4; lastKnownFileType = sourcecode.c.h; name = SSLocation.h; path = Classes/SSLocation.h; sourceTree = "<group>"; };
		8A41942B175B92BF009C9E88 /* SSLocation.m */ = {isa = PBXFileReference; fileEncoding = 4; lastKnownFileType = sourcecode.c.objc; name = SSLocation.m; path = Classes/SSLocation.m; sourceTree = "<group>"; };
		8A41942D175B9391009C9E88 /* AddressBook.framework */ = {isa = PBXFileReference; lastKnownFileType = wrapper.framework; name = AddressBook.framework; path = System/Library/Frameworks/AddressBook.framework; sourceTree = SDKROOT; };
		8A4922E21733C88A00158AEB /* CFNetwork.framework */ = {isa = PBXFileReference; lastKnownFileType = wrapper.framework; name = CFNetwork.framework; path = System/Library/Frameworks/CFNetwork.framework; sourceTree = SDKROOT; };
		8A4922E41733C89B00158AEB /* Security.framework */ = {isa = PBXFileReference; lastKnownFileType = wrapper.framework; name = Security.framework; path = System/Library/Frameworks/Security.framework; sourceTree = SDKROOT; };
		8A4922E61733C8B700158AEB /* MobileCoreServices.framework */ = {isa = PBXFileReference; lastKnownFileType = wrapper.framework; name = MobileCoreServices.framework; path = System/Library/Frameworks/MobileCoreServices.framework; sourceTree = SDKROOT; };
		8A4922EF17345C7D00158AEB /* SSApi.h */ = {isa = PBXFileReference; fileEncoding = 4; lastKnownFileType = sourcecode.c.h; name = SSApi.h; path = Classes/SSApi.h; sourceTree = "<group>"; };
		8A4922F017345C7D00158AEB /* SSApi.m */ = {isa = PBXFileReference; fileEncoding = 4; lastKnownFileType = sourcecode.c.objc; name = SSApi.m; path = Classes/SSApi.m; sourceTree = "<group>"; };
		8A4922F217345E9100158AEB /* SSWSConfiguration.h */ = {isa = PBXFileReference; lastKnownFileType = sourcecode.c.h; path = SSWSConfiguration.h; sourceTree = "<group>"; };
		8A4922F41735BD0400158AEB /* JSONKit.m */ = {isa = PBXFileReference; fileEncoding = 4; lastKnownFileType = sourcecode.c.objc; path = JSONKit.m; sourceTree = "<group>"; };
		8A4922F51735BD0400158AEB /* JSONKit.h */ = {isa = PBXFileReference; fileEncoding = 4; lastKnownFileType = sourcecode.c.h; path = JSONKit.h; sourceTree = "<group>"; };
		8A7D1F3617447DD2009E7536 /* logoScan&Share@2x.png */ = {isa = PBXFileReference; lastKnownFileType = image.png; path = "logoScan&Share@2x.png"; sourceTree = "<group>"; };
		8A7D1F3C174481C3009E7536 /* Decoder.h */ = {isa = PBXFileReference; fileEncoding = 4; lastKnownFileType = sourcecode.c.h; path = Decoder.h; sourceTree = "<group>"; };
		8A7D1F3D174481C3009E7536 /* Exception.h */ = {isa = PBXFileReference; fileEncoding = 4; lastKnownFileType = sourcecode.c.h; path = Exception.h; sourceTree = "<group>"; };
		8A7D1F3E174481C3009E7536 /* Image.h */ = {isa = PBXFileReference; fileEncoding = 4; lastKnownFileType = sourcecode.c.h; path = Image.h; sourceTree = "<group>"; };
		8A7D1F3F174481C3009E7536 /* ImageScanner.h */ = {isa = PBXFileReference; fileEncoding = 4; lastKnownFileType = sourcecode.c.h; path = ImageScanner.h; sourceTree = "<group>"; };
		8A7D1F40174481C3009E7536 /* Processor.h */ = {isa = PBXFileReference; fileEncoding = 4; lastKnownFileType = sourcecode.c.h; path = Processor.h; sourceTree = "<group>"; };
		8A7D1F41174481C3009E7536 /* Scanner.h */ = {isa = PBXFileReference; fileEncoding = 4; lastKnownFileType = sourcecode.c.h; path = Scanner.h; sourceTree = "<group>"; };
		8A7D1F42174481C3009E7536 /* Symbol.h */ = {isa = PBXFileReference; fileEncoding = 4; lastKnownFileType = sourcecode.c.h; path = Symbol.h; sourceTree = "<group>"; };
		8A7D1F43174481C3009E7536 /* Video.h */ = {isa = PBXFileReference; fileEncoding = 4; lastKnownFileType = sourcecode.c.h; path = Video.h; sourceTree = "<group>"; };
		8A7D1F44174481C3009E7536 /* Window.h */ = {isa = PBXFileReference; fileEncoding = 4; lastKnownFileType = sourcecode.c.h; path = Window.h; sourceTree = "<group>"; };
		8A7D1F45174481C3009E7536 /* zbar.h */ = {isa = PBXFileReference; fileEncoding = 4; lastKnownFileType = sourcecode.c.h; path = zbar.h; sourceTree = "<group>"; };
		8A7D1F46174481C3009E7536 /* ZBarCameraSimulator.h */ = {isa = PBXFileReference; fileEncoding = 4; lastKnownFileType = sourcecode.c.h; path = ZBarCameraSimulator.h; sourceTree = "<group>"; };
		8A7D1F47174481C3009E7536 /* ZBarCaptureReader.h */ = {isa = PBXFileReference; fileEncoding = 4; lastKnownFileType = sourcecode.c.h; path = ZBarCaptureReader.h; sourceTree = "<group>"; };
		8A7D1F48174481C3009E7536 /* ZBarHelpController.h */ = {isa = PBXFileReference; fileEncoding = 4; lastKnownFileType = sourcecode.c.h; path = ZBarHelpController.h; sourceTree = "<group>"; };
		8A7D1F49174481C3009E7536 /* ZBarImage.h */ = {isa = PBXFileReference; fileEncoding = 4; lastKnownFileType = sourcecode.c.h; path = ZBarImage.h; sourceTree = "<group>"; };
		8A7D1F4A174481C3009E7536 /* ZBarImageScanner.h */ = {isa = PBXFileReference; fileEncoding = 4; lastKnownFileType = sourcecode.c.h; path = ZBarImageScanner.h; sourceTree = "<group>"; };
		8A7D1F4B174481C3009E7536 /* ZBarReaderController.h */ = {isa = PBXFileReference; fileEncoding = 4; lastKnownFileType = sourcecode.c.h; path = ZBarReaderController.h; sourceTree = "<group>"; };
		8A7D1F4C174481C3009E7536 /* ZBarReaderView.h */ = {isa = PBXFileReference; fileEncoding = 4; lastKnownFileType = sourcecode.c.h; path = ZBarReaderView.h; sourceTree = "<group>"; };
		8A7D1F4D174481C3009E7536 /* ZBarReaderViewController.h */ = {isa = PBXFileReference; fileEncoding = 4; lastKnownFileType = sourcecode.c.h; path = ZBarReaderViewController.h; sourceTree = "<group>"; };
		8A7D1F4E174481C3009E7536 /* ZBarSDK.h */ = {isa = PBXFileReference; fileEncoding = 4; lastKnownFileType = sourcecode.c.h; path = ZBarSDK.h; sourceTree = "<group>"; };
		8A7D1F4F174481C3009E7536 /* ZBarSymbol.h */ = {isa = PBXFileReference; fileEncoding = 4; lastKnownFileType = sourcecode.c.h; path = ZBarSymbol.h; sourceTree = "<group>"; };
		8A7D1F50174481C3009E7536 /* libzbar.a */ = {isa = PBXFileReference; lastKnownFileType = archive.ar; path = libzbar.a; sourceTree = "<group>"; };
		8A7D1F52174481C3009E7536 /* zbar-back.png */ = {isa = PBXFileReference; lastKnownFileType = image.png; path = "zbar-back.png"; sourceTree = "<group>"; };
		8A7D1F53174481C3009E7536 /* zbar-help.html */ = {isa = PBXFileReference; fileEncoding = 4; lastKnownFileType = text.html; path = "zbar-help.html"; sourceTree = "<group>"; };
		8A7D1F54174481C3009E7536 /* zbar-helpicons.png */ = {isa = PBXFileReference; lastKnownFileType = image.png; path = "zbar-helpicons.png"; sourceTree = "<group>"; };
		8A7D1F55174481C3009E7536 /* zbar-samples.png */ = {isa = PBXFileReference; lastKnownFileType = image.png; path = "zbar-samples.png"; sourceTree = "<group>"; };
		8A7D1F5B174481E9009E7536 /* AVFoundation.framework */ = {isa = PBXFileReference; lastKnownFileType = wrapper.framework; name = AVFoundation.framework; path = System/Library/Frameworks/AVFoundation.framework; sourceTree = SDKROOT; };
		8A7D1F5D174481F0009E7536 /* CoreMedia.framework */ = {isa = PBXFileReference; lastKnownFileType = wrapper.framework; name = CoreMedia.framework; path = System/Library/Frameworks/CoreMedia.framework; sourceTree = SDKROOT; };
		8A7D1F5F174481F9009E7536 /* CoreVideo.framework */ = {isa = PBXFileReference; lastKnownFileType = wrapper.framework; name = CoreVideo.framework; path = System/Library/Frameworks/CoreVideo.framework; sourceTree = SDKROOT; };
		8A7D1F6117448200009E7536 /* QuartzCore.framework */ = {isa = PBXFileReference; lastKnownFileType = wrapper.framework; name = QuartzCore.framework; path = System/Library/Frameworks/QuartzCore.framework; sourceTree = SDKROOT; };
		8A7D1F631744820B009E7536 /* libiconv.dylib */ = {isa = PBXFileReference; lastKnownFileType = "compiled.mach-o.dylib"; name = libiconv.dylib; path = usr/lib/libiconv.dylib; sourceTree = SDKROOT; };
		8A7D1F6517448320009E7536 /* SSScanViewController.h */ = {isa = PBXFileReference; fileEncoding = 4; lastKnownFileType = sourcecode.c.h; name = SSScanViewController.h; path = Classes/SSScanViewController.h; sourceTree = "<group>"; };
		8A7D1F6617448320009E7536 /* SSScanViewController.m */ = {isa = PBXFileReference; fileEncoding = 4; lastKnownFileType = sourcecode.c.objc; name = SSScanViewController.m; path = Classes/SSScanViewController.m; sourceTree = "<group>"; };
		8A89ACE0175B81500072167D /* AMRatingControl.h */ = {isa = PBXFileReference; lastKnownFileType = sourcecode.c.h; name = AMRatingControl.h; path = AMRatingControl/Classes/AMRatingControl.h; sourceTree = "<group>"; };
		8A89ACE1175B81500072167D /* AMRatingControl.m */ = {isa = PBXFileReference; lastKnownFileType = sourcecode.c.objc; name = AMRatingControl.m; path = AMRatingControl/Classes/AMRatingControl.m; sourceTree = "<group>"; };
		8A89ACE5175B82FF0072167D /* backButton@2x.png */ = {isa = PBXFileReference; lastKnownFileType = image.png; path = "backButton@2x.png"; sourceTree = "<group>"; };
		8A89ACE8175B8D570072167D /* SSMapViewController.h */ = {isa = PBXFileReference; fileEncoding = 4; lastKnownFileType = sourcecode.c.h; name = SSMapViewController.h; path = Classes/SSMapViewController.h; sourceTree = "<group>"; };
		8A89ACE9175B8D570072167D /* SSMapViewController.m */ = {isa = PBXFileReference; fileEncoding = 4; lastKnownFileType = sourcecode.c.objc; name = SSMapViewController.m; path = Classes/SSMapViewController.m; sourceTree = "<group>"; };
		8A89ACEB175B8E1E0072167D /* MapKit.framework */ = {isa = PBXFileReference; lastKnownFileType = wrapper.framework; name = MapKit.framework; path = System/Library/Frameworks/MapKit.framework; sourceTree = SDKROOT; };
		8A9394B1174FB9F50061CFE2 /* SSComment.h */ = {isa = PBXFileReference; fileEncoding = 4; lastKnownFileType = sourcecode.c.h; name = SSComment.h; path = Classes/SSComment.h; sourceTree = "<group>"; };
		8A9394B2174FB9F50061CFE2 /* SSComment.m */ = {isa = PBXFileReference; fileEncoding = 4; lastKnownFileType = sourcecode.c.objc; name = SSComment.m; path = Classes/SSComment.m; sourceTree = "<group>"; };
		8AA95B09175FD070009BBEA6 /* SSProfileViewController.h */ = {isa = PBXFileReference; fileEncoding = 4; lastKnownFileType = sourcecode.c.h; name = SSProfileViewController.h; path = Classes/SSProfileViewController.h; sourceTree = "<group>"; };
		8AA95B0A175FD070009BBEA6 /* SSProfileViewController.m */ = {isa = PBXFileReference; fileEncoding = 4; lastKnownFileType = sourcecode.c.objc; name = SSProfileViewController.m; path = Classes/SSProfileViewController.m; sourceTree = "<group>"; };
		8ACFC68D174D080000771E12 /* SSImage.h */ = {isa = PBXFileReference; fileEncoding = 4; lastKnownFileType = sourcecode.c.h; name = SSImage.h; path = Classes/SSImage.h; sourceTree = "<group>"; };
		8ACFC68E174D080000771E12 /* SSImage.m */ = {isa = PBXFileReference; fileEncoding = 4; lastKnownFileType = sourcecode.c.objc; name = SSImage.m; path = Classes/SSImage.m; sourceTree = "<group>"; };
		8AEAE21F1742FDBC007E00DE /* tabBar_Background2@2x.png */ = {isa = PBXFileReference; lastKnownFileType = image.png; path = "tabBar_Background2@2x.png"; sourceTree = "<group>"; };
		8AEAE2211742FDBC007E00DE /* tabBar_Background3@2x.png */ = {isa = PBXFileReference; lastKnownFileType = image.png; path = "tabBar_Background3@2x.png"; sourceTree = "<group>"; };
		8AEAE2231742FDBC007E00DE /* tabBar_Background1@2x.png */ = {isa = PBXFileReference; lastKnownFileType = image.png; path = "tabBar_Background1@2x.png"; sourceTree = "<group>"; };
		8AEAE22D174301E1007E00DE /* tabBar_Background4@2x.png */ = {isa = PBXFileReference; lastKnownFileType = image.png; path = "tabBar_Background4@2x.png"; sourceTree = "<group>"; };
		8AEAE232174302D2007E00DE /* background@2x.png */ = {isa = PBXFileReference; lastKnownFileType = image.png; path = "background@2x.png"; sourceTree = "<group>"; };
		8AEAE234174304E7007E00DE /* navigationBar@2x.png */ = {isa = PBXFileReference; lastKnownFileType = image.png; path = "navigationBar@2x.png"; sourceTree = "<group>"; };
		8AEAE23E17430916007E00DE /* navbar.png */ = {isa = PBXFileReference; lastKnownFileType = image.png; path = navbar.png; sourceTree = "<group>"; };
		8AEAE23F17430916007E00DE /* navbar@2x.png */ = {isa = PBXFileReference; lastKnownFileType = image.png; path = "navbar@2x.png"; sourceTree = "<group>"; };
		F831B74949C7401AB7A03154 /* Pods.xcconfig */ = {isa = PBXFileReference; includeInIndex = 1; lastKnownFileType = text.xcconfig; name = Pods.xcconfig; path = Pods/Pods.xcconfig; sourceTree = SOURCE_ROOT; };
/* End PBXFileReference section */

/* Begin PBXFrameworksBuildPhase section */
		8A0F8AB117315F0F00974581 /* Frameworks */ = {
			isa = PBXFrameworksBuildPhase;
			buildActionMask = 2147483647;
			files = (
				8A41942E175B9392009C9E88 /* AddressBook.framework in Frameworks */,
				8A89ACEC175B8E1E0072167D /* MapKit.framework in Frameworks */,
				8A7D1F641744820B009E7536 /* libiconv.dylib in Frameworks */,
				8A7D1F6217448200009E7536 /* QuartzCore.framework in Frameworks */,
				8A7D1F60174481F9009E7536 /* CoreVideo.framework in Frameworks */,
				8A7D1F5E174481F0009E7536 /* CoreMedia.framework in Frameworks */,
				8A7D1F5C174481E9009E7536 /* AVFoundation.framework in Frameworks */,
				8A4922E71733C8B700158AEB /* MobileCoreServices.framework in Frameworks */,
				8A4922E51733C89B00158AEB /* Security.framework in Frameworks */,
				8A4922E31733C88A00158AEB /* CFNetwork.framework in Frameworks */,
				8A0F8AB817315F0F00974581 /* UIKit.framework in Frameworks */,
				8A0F8ABA17315F0F00974581 /* Foundation.framework in Frameworks */,
				8A0F8ABC17315F0F00974581 /* CoreGraphics.framework in Frameworks */,
				99D1440E4CE14C78B80DBD3D /* libPods.a in Frameworks */,
				8A7D1F56174481C3009E7536 /* libzbar.a in Frameworks */,
			);
			runOnlyForDeploymentPostprocessing = 0;
		};
/* End PBXFrameworksBuildPhase section */

/* Begin PBXGroup section */
		5B2FEF77175DD25D002A7F88 /* Add comment */ = {
			isa = PBXGroup;
			children = (
				5B2FEF78175DD269002A7F88 /* SSAddCommentViewController.h */,
				5B2FEF79175DD269002A7F88 /* SSAddCommentViewController.m */,
			);
			name = "Add comment";
			sourceTree = "<group>";
		};
		5B4E286A1757B830004C0684 /* Content */ = {
			isa = PBXGroup;
			children = (
				5BB95C1F175B5A7300EFB5D4 /* Cell */,
				5B730CA117589AC100ADA166 /* SSProductView.xib */,
				5B4E286B1757B88D004C0684 /* SSProductContentView.h */,
				5B4E286C1757B88E004C0684 /* SSProductContentView.m */,
			);
			name = Content;
			sourceTree = "<group>";
		};
		5B730C9417589A6800ADA166 /* REMenu */ = {
			isa = PBXGroup;
			children = (
				5B730C9517589A6800ADA166 /* REMenu.h */,
				5B730C9617589A6800ADA166 /* REMenu.m */,
				5B730C9717589A6800ADA166 /* REMenuContainerView.h */,
				5B730C9817589A6800ADA166 /* REMenuContainerView.m */,
				5B730C9917589A6800ADA166 /* REMenuItem.h */,
				5B730C9A17589A6800ADA166 /* REMenuItem.m */,
				5B730C9B17589A6800ADA166 /* REMenuItemView.h */,
				5B730C9C17589A6800ADA166 /* REMenuItemView.m */,
			);
			path = REMenu;
			sourceTree = "<group>";
		};
		5BB95C1F175B5A7300EFB5D4 /* Cell */ = {
			isa = PBXGroup;
			children = (
				5B9C2587175A35C60004446F /* SSCommentCell.h */,
				5B9C2588175A35C60004446F /* SSCommentCell.m */,
				5B9C258A175A35E30004446F /* SSCommentCellUI.xib */,
			);
			name = Cell;
			path = ..;
			sourceTree = "<group>";
		};
		5BCC60A9175625000096FFC2 /* Product */ = {
			isa = PBXGroup;
			children = (
				5B2FEF77175DD25D002A7F88 /* Add comment */,
				5B730CA51758AC5400ADA166 /* SSButtonSubViewProtocol.h */,
				5B4E286A1757B830004C0684 /* Content */,
				5BCC60A7175624F90096FFC2 /* SSProductViewController.m */,
				5BCC60A6175624F90096FFC2 /* SSProductViewController.h */,
			);
			name = Product;
			sourceTree = "<group>";
		};
		8A0F8AAB17315F0F00974581 = {
			isa = PBXGroup;
			children = (
				8A0F8ABD17315F0F00974581 /* Scan&Share */,
				8A0F8AB617315F0F00974581 /* Frameworks */,
				8A0F8AB517315F0F00974581 /* Products */,
				F831B74949C7401AB7A03154 /* Pods.xcconfig */,
			);
			sourceTree = "<group>";
		};
		8A0F8AB517315F0F00974581 /* Products */ = {
			isa = PBXGroup;
			children = (
				8A0F8AB417315F0F00974581 /* Scan&Share.app */,
			);
			name = Products;
			sourceTree = "<group>";
		};
		8A0F8AB617315F0F00974581 /* Frameworks */ = {
			isa = PBXGroup;
			children = (
				8A89ACE2175B81500072167D /* AMRatingControl */,
				5B730C9417589A6800ADA166 /* REMenu */,
				8A7D1F38174481C3009E7536 /* ZBarSDK */,
				8A4922F31735BCE400158AEB /* JSONKit */,
				8A7D1F631744820B009E7536 /* libiconv.dylib */,
				8A41942D175B9391009C9E88 /* AddressBook.framework */,
				8A89ACEB175B8E1E0072167D /* MapKit.framework */,
				8A7D1F6117448200009E7536 /* QuartzCore.framework */,
				8A7D1F5F174481F9009E7536 /* CoreVideo.framework */,
				8A7D1F5D174481F0009E7536 /* CoreMedia.framework */,
				8A7D1F5B174481E9009E7536 /* AVFoundation.framework */,
				8A4922E61733C8B700158AEB /* MobileCoreServices.framework */,
				8A4922E41733C89B00158AEB /* Security.framework */,
				8A4922E21733C88A00158AEB /* CFNetwork.framework */,
				8A0F8AB717315F0F00974581 /* UIKit.framework */,
				8A0F8AB917315F0F00974581 /* Foundation.framework */,
				8A0F8ABB17315F0F00974581 /* CoreGraphics.framework */,
				733F9113697B41B4BF2970D3 /* libPods.a */,
			);
			name = Frameworks;
			sourceTree = "<group>";
		};
		8A0F8ABD17315F0F00974581 /* Scan&Share */ = {
			isa = PBXGroup;
			children = (
				8A4922E817345A2500158AEB /* Classes */,
				8A0F8ABE17315F0F00974581 /* Supporting Files */,
			);
			path = "Scan&Share";
			sourceTree = "<group>";
		};
		8A0F8ABE17315F0F00974581 /* Supporting Files */ = {
			isa = PBXGroup;
			children = (
				8A1C76DD173DAC700042B9B6 /* Images */,
				8A0F8ABF17315F0F00974581 /* Scan&Share-Info.plist */,
				8A0F8AC017315F0F00974581 /* InfoPlist.strings */,
				8A0F8AC317315F0F00974581 /* main.m */,
				8A0F8AC517315F0F00974581 /* Scan&Share-Prefix.pch */,
				8A4922F217345E9100158AEB /* SSWSConfiguration.h */,
				8A0F8AC917315F0F00974581 /* Default.png */,
				8A0F8ACB17315F0F00974581 /* Default@2x.png */,
				8A0F8ACD17315F0F00974581 /* Default-568h@2x.png */,
			);
			name = "Supporting Files";
			sourceTree = "<group>";
		};
		8A1C76D9173DAB050042B9B6 /* Scan */ = {
			isa = PBXGroup;
			children = (
				8A7D1F6517448320009E7536 /* SSScanViewController.h */,
				8A7D1F6617448320009E7536 /* SSScanViewController.m */,
			);
			name = Scan;
			sourceTree = "<group>";
		};
		8A1C76DD173DAC700042B9B6 /* Images */ = {
			isa = PBXGroup;
			children = (
				5B2FEF83175DEBA3002A7F88 /* thumbBorder@2x.png */,
				5B2FEF81175DEA92002A7F88 /* addToListIco@2x.png */,
				5B2FEF7D175DE8D1002A7F88 /* cross_scratches_@2X.png */,
				5B2FEF7E175DE8D1002A7F88 /* cross_scratches.png */,
				5B2FEF7B175DD718002A7F88 /* actionButton.png */,
				8A89ACE5175B82FF0072167D /* backButton@2x.png */,
				5BB95C20175B5BF400EFB5D4 /* blueButton.png */,
				5BB95C21175B5BF400EFB5D4 /* blueButton@2x.png */,
				5BB95C22175B5BF400EFB5D4 /* blueButtonHighlight.png */,
				5BB95C23175B5BF400EFB5D4 /* blueButtonHighlight@2x.png */,
				5BB95C17175B577A00EFB5D4 /* pictoRateVeryGood@2x.png */,
				5BB95C18175B577A00EFB5D4 /* pictoRateBof@2x.png */,
				5BB95C19175B577A00EFB5D4 /* pictoRateGood@2x.png */,
				5BB95C1A175B577A00EFB5D4 /* pictoRateBad@2x.png */,
				5BB95C13175B547E00EFB5D4 /* arrowUp.png */,
				5BB95C14175B547E00EFB5D4 /* arrowDown.png */,
				5B9C258E175A43ED0004446F /* plusButton.png */,
				8A104E5F175662BF00EF7C69 /* tabBar_Background@2x.png */,
				8A7D1F3617447DD2009E7536 /* logoScan&Share@2x.png */,
				8AEAE23E17430916007E00DE /* navbar.png */,
				8AEAE23F17430916007E00DE /* navbar@2x.png */,
				8AEAE234174304E7007E00DE /* navigationBar@2x.png */,
				8AEAE232174302D2007E00DE /* background@2x.png */,
				8AEAE22D174301E1007E00DE /* tabBar_Background4@2x.png */,
				8AEAE21F1742FDBC007E00DE /* tabBar_Background2@2x.png */,
				8AEAE2211742FDBC007E00DE /* tabBar_Background3@2x.png */,
				8AEAE2231742FDBC007E00DE /* tabBar_Background1@2x.png */,
			);
			path = Images;
			sourceTree = "<group>";
		};
		8A1C76FE173DC4870042B9B6 /* Search */ = {
			isa = PBXGroup;
			children = (
				8A37AB811758C4F800C9362D /* Cells */,
				8A1C76FF173DC4BB0042B9B6 /* SSSearchViewController.h */,
				8A1C7700173DC4BB0042B9B6 /* SSSearchViewController.m */,
				8A37AB881758C9E700C9362D /* SSSearchResultViewController.h */,
				8A37AB891758C9E700C9362D /* SSSearchResultViewController.m */,
			);
			name = Search;
			sourceTree = "<group>";
		};
		8A37AB811758C4F800C9362D /* Cells */ = {
			isa = PBXGroup;
			children = (
				8A37AB821758C51300C9362D /* SSSearchResultCell.h */,
				8A37AB831758C51300C9362D /* SSSearchResultCell.m */,
			);
			name = Cells;
			sourceTree = "<group>";
		};
		8A4922E817345A2500158AEB /* Classes */ = {
			isa = PBXGroup;
			children = (
				8A4922E917345A2E00158AEB /* Generic */,
				8A4922EA17345A3500158AEB /* Model */,
				8A4922ED17345A6100158AEB /* UI */,
				8A4922EC17345A4F00158AEB /* Webservices */,
				8A4922EB17345A4600158AEB /* Application Delegate */,
			);
			name = Classes;
			sourceTree = "<group>";
		};
		8A4922E917345A2E00158AEB /* Generic */ = {
			isa = PBXGroup;
			children = (
			);
			name = Generic;
			sourceTree = "<group>";
		};
		8A4922EA17345A3500158AEB /* Model */ = {
			isa = PBXGroup;
			children = (
				8A4096DE173B1651004D4D83 /* SSProduct.h */,
				8A4096DF173B1651004D4D83 /* SSProduct.m */,
				8ACFC68D174D080000771E12 /* SSImage.h */,
				8ACFC68E174D080000771E12 /* SSImage.m */,
				8A9394B1174FB9F50061CFE2 /* SSComment.h */,
				8A9394B2174FB9F50061CFE2 /* SSComment.m */,
				8A2450271752B70700342B8D /* SSPrice.h */,
				8A2450281752B70700342B8D /* SSPrice.m */,
				8A37AB851758C71100C9362D /* SSResultList.h */,
				8A37AB861758C71100C9362D /* SSResultList.m */,
			);
			name = Model;
			sourceTree = "<group>";
		};
		8A4922EB17345A4600158AEB /* Application Delegate */ = {
			isa = PBXGroup;
			children = (
				8A0F8AC617315F0F00974581 /* SSAppDelegate.h */,
				8A0F8AC717315F0F00974581 /* SSAppDelegate.m */,
			);
			name = "Application Delegate";
			sourceTree = "<group>";
		};
		8A4922EC17345A4F00158AEB /* Webservices */ = {
			isa = PBXGroup;
			children = (
				8A4922EF17345C7D00158AEB /* SSApi.h */,
				8A4922F017345C7D00158AEB /* SSApi.m */,
			);
			name = Webservices;
			sourceTree = "<group>";
		};
		8A4922ED17345A6100158AEB /* UI */ = {
			isa = PBXGroup;
			children = (
				8A4922EE17345A9100158AEB /* iPhone */,
			);
			name = UI;
			sourceTree = "<group>";
		};
		8A4922EE17345A9100158AEB /* iPhone */ = {
			isa = PBXGroup;
			children = (
				8A1C76D6173D226A0042B9B6 /* MainStoryboard.storyboard */,
				8A1C76DA173DAB380042B9B6 /* SSMainViewController.h */,
				8A1C76DB173DAB380042B9B6 /* SSMainViewController.m */,
				8AA95B08175FD049009BBEA6 /* Profile */,
				8A89ACE7175B8D3B0072167D /* Map */,
				8A1C76D9173DAB050042B9B6 /* Scan */,
				8A1C76FE173DC4870042B9B6 /* Search */,
				5BCC60A9175625000096FFC2 /* Product */,
			);
			name = iPhone;
			sourceTree = "<group>";
		};
		8A4922F31735BCE400158AEB /* JSONKit */ = {
			isa = PBXGroup;
			children = (
				8A4922F41735BD0400158AEB /* JSONKit.m */,
				8A4922F51735BD0400158AEB /* JSONKit.h */,
			);
			name = JSONKit;
			sourceTree = "<group>";
		};
		8A7D1F38174481C3009E7536 /* ZBarSDK */ = {
			isa = PBXGroup;
			children = (
				8A7D1F39174481C3009E7536 /* Headers */,
				8A7D1F50174481C3009E7536 /* libzbar.a */,
				8A7D1F51174481C3009E7536 /* Resources */,
			);
			path = ZBarSDK;
			sourceTree = "<group>";
		};
		8A7D1F39174481C3009E7536 /* Headers */ = {
			isa = PBXGroup;
			children = (
				8A7D1F3A174481C3009E7536 /* ZBarSDK */,
			);
			path = Headers;
			sourceTree = "<group>";
		};
		8A7D1F3A174481C3009E7536 /* ZBarSDK */ = {
			isa = PBXGroup;
			children = (
				8A7D1F3B174481C3009E7536 /* zbar */,
				8A7D1F45174481C3009E7536 /* zbar.h */,
				8A7D1F46174481C3009E7536 /* ZBarCameraSimulator.h */,
				8A7D1F47174481C3009E7536 /* ZBarCaptureReader.h */,
				8A7D1F48174481C3009E7536 /* ZBarHelpController.h */,
				8A7D1F49174481C3009E7536 /* ZBarImage.h */,
				8A7D1F4A174481C3009E7536 /* ZBarImageScanner.h */,
				8A7D1F4B174481C3009E7536 /* ZBarReaderController.h */,
				8A7D1F4C174481C3009E7536 /* ZBarReaderView.h */,
				8A7D1F4D174481C3009E7536 /* ZBarReaderViewController.h */,
				8A7D1F4E174481C3009E7536 /* ZBarSDK.h */,
				8A7D1F4F174481C3009E7536 /* ZBarSymbol.h */,
			);
			path = ZBarSDK;
			sourceTree = "<group>";
		};
		8A7D1F3B174481C3009E7536 /* zbar */ = {
			isa = PBXGroup;
			children = (
				8A7D1F3C174481C3009E7536 /* Decoder.h */,
				8A7D1F3D174481C3009E7536 /* Exception.h */,
				8A7D1F3E174481C3009E7536 /* Image.h */,
				8A7D1F3F174481C3009E7536 /* ImageScanner.h */,
				8A7D1F40174481C3009E7536 /* Processor.h */,
				8A7D1F41174481C3009E7536 /* Scanner.h */,
				8A7D1F42174481C3009E7536 /* Symbol.h */,
				8A7D1F43174481C3009E7536 /* Video.h */,
				8A7D1F44174481C3009E7536 /* Window.h */,
			);
			path = zbar;
			sourceTree = "<group>";
		};
		8A7D1F51174481C3009E7536 /* Resources */ = {
			isa = PBXGroup;
			children = (
				8A7D1F52174481C3009E7536 /* zbar-back.png */,
				8A7D1F53174481C3009E7536 /* zbar-help.html */,
				8A7D1F54174481C3009E7536 /* zbar-helpicons.png */,
				8A7D1F55174481C3009E7536 /* zbar-samples.png */,
			);
			path = Resources;
			sourceTree = "<group>";
		};
		8A89ACE2175B81500072167D /* AMRatingControl */ = {
			isa = PBXGroup;
			children = (
				8A89ACE0175B81500072167D /* AMRatingControl.h */,
				8A89ACE1175B81500072167D /* AMRatingControl.m */,
			);
			name = AMRatingControl;
			path = Pods;
			sourceTree = "<group>";
		};
		8A89ACE7175B8D3B0072167D /* Map */ = {
			isa = PBXGroup;
			children = (
				8A89ACE8175B8D570072167D /* SSMapViewController.h */,
				8A89ACE9175B8D570072167D /* SSMapViewController.m */,
				8A41942A175B92BF009C9E88 /* SSLocation.h */,
				8A41942B175B92BF009C9E88 /* SSLocation.m */,
			);
			name = Map;
			sourceTree = "<group>";
		};
		8AA95B08175FD049009BBEA6 /* Profile */ = {
			isa = PBXGroup;
			children = (
				8AA95B09175FD070009BBEA6 /* SSProfileViewController.h */,
				8AA95B0A175FD070009BBEA6 /* SSProfileViewController.m */,
			);
			name = Profile;
			sourceTree = "<group>";
		};
/* End PBXGroup section */

/* Begin PBXNativeTarget section */
		8A0F8AB317315F0F00974581 /* Scan&Share */ = {
			isa = PBXNativeTarget;
			buildConfigurationList = 8A0F8AD117315F0F00974581 /* Build configuration list for PBXNativeTarget "Scan&Share" */;
			buildPhases = (
				54BCCD5C5619494B8834CB60 /* Check Pods Manifest.lock */,
				8A0F8AB017315F0F00974581 /* Sources */,
				8A0F8AB117315F0F00974581 /* Frameworks */,
				8A0F8AB217315F0F00974581 /* Resources */,
				E33633478CC140CFB3DBFC71 /* Copy Pods Resources */,
			);
			buildRules = (
			);
			dependencies = (
			);
			name = "Scan&Share";
			productName = "Scan&Share";
			productReference = 8A0F8AB417315F0F00974581 /* Scan&Share.app */;
			productType = "com.apple.product-type.application";
		};
/* End PBXNativeTarget section */

/* Begin PBXProject section */
		8A0F8AAC17315F0F00974581 /* Project object */ = {
			isa = PBXProject;
			attributes = {
				CLASSPREFIX = SS;
				LastUpgradeCheck = 0460;
				ORGANIZATIONNAME = "Karim CHEBBOUR";
			};
			buildConfigurationList = 8A0F8AAF17315F0F00974581 /* Build configuration list for PBXProject "Scan&Share" */;
			compatibilityVersion = "Xcode 3.2";
			developmentRegion = English;
			hasScannedForEncodings = 0;
			knownRegions = (
				en,
			);
			mainGroup = 8A0F8AAB17315F0F00974581;
			productRefGroup = 8A0F8AB517315F0F00974581 /* Products */;
			projectDirPath = "";
			projectRoot = "";
			targets = (
				8A0F8AB317315F0F00974581 /* Scan&Share */,
			);
		};
/* End PBXProject section */

/* Begin PBXResourcesBuildPhase section */
		8A0F8AB217315F0F00974581 /* Resources */ = {
			isa = PBXResourcesBuildPhase;
			buildActionMask = 2147483647;
			files = (
				8A0F8AC217315F0F00974581 /* InfoPlist.strings in Resources */,
				8A0F8ACA17315F0F00974581 /* Default.png in Resources */,
				8A0F8ACC17315F0F00974581 /* Default@2x.png in Resources */,
				8A0F8ACE17315F0F00974581 /* Default-568h@2x.png in Resources */,
				8A1C76D7173D226A0042B9B6 /* MainStoryboard.storyboard in Resources */,
				8AEAE2251742FDBC007E00DE /* tabBar_Background2@2x.png in Resources */,
				8AEAE2271742FDBC007E00DE /* tabBar_Background3@2x.png in Resources */,
				8AEAE2291742FDBC007E00DE /* tabBar_Background1@2x.png in Resources */,
				8AEAE231174301E1007E00DE /* tabBar_Background4@2x.png in Resources */,
				8AEAE233174302D2007E00DE /* background@2x.png in Resources */,
				8AEAE235174304E7007E00DE /* navigationBar@2x.png in Resources */,
				8AEAE24017430916007E00DE /* navbar.png in Resources */,
				8AEAE24117430916007E00DE /* navbar@2x.png in Resources */,
				8A7D1F3717447DD2009E7536 /* logoScan&Share@2x.png in Resources */,
				8A7D1F57174481C3009E7536 /* zbar-back.png in Resources */,
				8A7D1F58174481C3009E7536 /* zbar-help.html in Resources */,
				8A7D1F59174481C3009E7536 /* zbar-helpicons.png in Resources */,
				8A7D1F5A174481C3009E7536 /* zbar-samples.png in Resources */,
				8A104E60175662BF00EF7C69 /* tabBar_Background@2x.png in Resources */,
				5B730CA217589AC100ADA166 /* SSProductView.xib in Resources */,
				5B9C258B175A35E30004446F /* SSCommentCellUI.xib in Resources */,
				5B9C258F175A43ED0004446F /* plusButton.png in Resources */,
				5BB95C15175B547E00EFB5D4 /* arrowUp.png in Resources */,
				5BB95C16175B547E00EFB5D4 /* arrowDown.png in Resources */,
				5BB95C1B175B577A00EFB5D4 /* pictoRateVeryGood@2x.png in Resources */,
				5BB95C1C175B577A00EFB5D4 /* pictoRateBof@2x.png in Resources */,
				5BB95C1D175B577A00EFB5D4 /* pictoRateGood@2x.png in Resources */,
				5BB95C1E175B577A00EFB5D4 /* pictoRateBad@2x.png in Resources */,
				5BB95C24175B5BF400EFB5D4 /* blueButton.png in Resources */,
				5BB95C25175B5BF400EFB5D4 /* blueButton@2x.png in Resources */,
				5BB95C26175B5BF400EFB5D4 /* blueButtonHighlight.png in Resources */,
				5BB95C27175B5BF400EFB5D4 /* blueButtonHighlight@2x.png in Resources */,
				8A89ACE3175B81500072167D /* AMRatingControl.h in Resources */,
				8A89ACE4175B81500072167D /* AMRatingControl.m in Resources */,
				8A89ACE6175B82FF0072167D /* backButton@2x.png in Resources */,
				5B2FEF7C175DD718002A7F88 /* actionButton.png in Resources */,
				5B2FEF7F175DE8D1002A7F88 /* cross_scratches_@2X.png in Resources */,
				5B2FEF80175DE8D1002A7F88 /* cross_scratches.png in Resources */,
				5B2FEF82175DEA92002A7F88 /* addToListIco@2x.png in Resources */,
				5B2FEF84175DEBA3002A7F88 /* thumbBorder@2x.png in Resources */,
			);
			runOnlyForDeploymentPostprocessing = 0;
		};
/* End PBXResourcesBuildPhase section */

/* Begin PBXShellScriptBuildPhase section */
		54BCCD5C5619494B8834CB60 /* Check Pods Manifest.lock */ = {
			isa = PBXShellScriptBuildPhase;
			buildActionMask = 2147483647;
			files = (
			);
			inputPaths = (
			);
			name = "Check Pods Manifest.lock";
			outputPaths = (
			);
			runOnlyForDeploymentPostprocessing = 0;
			shellPath = /bin/sh;
			shellScript = "diff \"${PODS_ROOT}/../Podfile.lock\" \"${PODS_ROOT}/Manifest.lock\" > /dev/null\nif [[ $? != 0 ]] ; then\n    cat << EOM\nerror: The sandbox is not in sync with the Podfile.lock. Run 'pod install' or update your CocoaPods installation.\nEOM\n    exit 1\nfi\n";
		};
		E33633478CC140CFB3DBFC71 /* Copy Pods Resources */ = {
			isa = PBXShellScriptBuildPhase;
			buildActionMask = 2147483647;
			files = (
			);
			inputPaths = (
			);
			name = "Copy Pods Resources";
			outputPaths = (
			);
			runOnlyForDeploymentPostprocessing = 0;
			shellPath = /bin/sh;
			shellScript = "\"${SRCROOT}/Pods/Pods-resources.sh\"\n";
		};
/* End PBXShellScriptBuildPhase section */

/* Begin PBXSourcesBuildPhase section */
		8A0F8AB017315F0F00974581 /* Sources */ = {
			isa = PBXSourcesBuildPhase;
			buildActionMask = 2147483647;
			files = (
				8A0F8AC417315F0F00974581 /* main.m in Sources */,
				8A0F8AC817315F0F00974581 /* SSAppDelegate.m in Sources */,
				8A4922F117345C7D00158AEB /* SSApi.m in Sources */,
				8A4922F61735BD0400158AEB /* JSONKit.m in Sources */,
				8A4096E0173B1651004D4D83 /* SSProduct.m in Sources */,
				8A1C76DC173DAB380042B9B6 /* SSMainViewController.m in Sources */,
				8A1C7701173DC4BB0042B9B6 /* SSSearchViewController.m in Sources */,
				8A7D1F6717448320009E7536 /* SSScanViewController.m in Sources */,
				8ACFC68F174D080000771E12 /* SSImage.m in Sources */,
				8A9394B3174FB9F50061CFE2 /* SSComment.m in Sources */,
				8A2450291752B70700342B8D /* SSPrice.m in Sources */,
				5BCC60A8175624F90096FFC2 /* SSProductViewController.m in Sources */,
				5B4E286D1757B88E004C0684 /* SSProductContentView.m in Sources */,
				5B730C9D17589A6800ADA166 /* REMenu.m in Sources */,
				5B730C9E17589A6800ADA166 /* REMenuContainerView.m in Sources */,
				5B730C9F17589A6800ADA166 /* REMenuItem.m in Sources */,
				5B730CA017589A6800ADA166 /* REMenuItemView.m in Sources */,
				8A37AB841758C51300C9362D /* SSSearchResultCell.m in Sources */,
				8A37AB871758C71100C9362D /* SSResultList.m in Sources */,
				8A37AB8A1758C9E700C9362D /* SSSearchResultViewController.m in Sources */,
				5B9C2589175A35C60004446F /* SSCommentCell.m in Sources */,
				8A89ACEA175B8D570072167D /* SSMapViewController.m in Sources */,
				8A41942C175B92BF009C9E88 /* SSLocation.m in Sources */,
				5B2FEF7A175DD269002A7F88 /* SSAddCommentViewController.m in Sources */,
				8AA95B0B175FD070009BBEA6 /* SSProfileViewController.m in Sources */,
			);
			runOnlyForDeploymentPostprocessing = 0;
		};
/* End PBXSourcesBuildPhase section */

/* Begin PBXVariantGroup section */
		8A0F8AC017315F0F00974581 /* InfoPlist.strings */ = {
			isa = PBXVariantGroup;
			children = (
				8A0F8AC117315F0F00974581 /* en */,
			);
			name = InfoPlist.strings;
			sourceTree = "<group>";
		};
/* End PBXVariantGroup section */

/* Begin XCBuildConfiguration section */
		8A0F8ACF17315F0F00974581 /* Debug */ = {
			isa = XCBuildConfiguration;
			buildSettings = {
				ALWAYS_SEARCH_USER_PATHS = NO;
				CLANG_CXX_LANGUAGE_STANDARD = "gnu++0x";
				CLANG_CXX_LIBRARY = "libc++";
				CLANG_ENABLE_OBJC_ARC = YES;
				CLANG_WARN_CONSTANT_CONVERSION = YES;
				CLANG_WARN_EMPTY_BODY = YES;
				CLANG_WARN_ENUM_CONVERSION = YES;
				CLANG_WARN_INT_CONVERSION = YES;
				CLANG_WARN__DUPLICATE_METHOD_MATCH = YES;
				CODE_SIGN_IDENTITY = "iPhone Developer";
				"CODE_SIGN_IDENTITY[sdk=iphoneos*]" = "iPhone Developer";
				COPY_PHASE_STRIP = NO;
				GCC_C_LANGUAGE_STANDARD = gnu99;
				GCC_DYNAMIC_NO_PIC = NO;
				GCC_OPTIMIZATION_LEVEL = 0;
				GCC_PREPROCESSOR_DEFINITIONS = (
					"DEBUG=1",
					"$(inherited)",
				);
				GCC_SYMBOLS_PRIVATE_EXTERN = NO;
				GCC_WARN_ABOUT_RETURN_TYPE = YES;
				GCC_WARN_UNINITIALIZED_AUTOS = YES;
				GCC_WARN_UNUSED_VARIABLE = YES;
				IPHONEOS_DEPLOYMENT_TARGET = 6.1;
				ONLY_ACTIVE_ARCH = YES;
				PROVISIONING_PROFILE = "";
				SDKROOT = iphoneos;
				TARGETED_DEVICE_FAMILY = "1,2";
			};
			name = Debug;
		};
		8A0F8AD017315F0F00974581 /* Release */ = {
			isa = XCBuildConfiguration;
			buildSettings = {
				ALWAYS_SEARCH_USER_PATHS = NO;
				CLANG_CXX_LANGUAGE_STANDARD = "gnu++0x";
				CLANG_CXX_LIBRARY = "libc++";
				CLANG_ENABLE_OBJC_ARC = YES;
				CLANG_WARN_CONSTANT_CONVERSION = YES;
				CLANG_WARN_EMPTY_BODY = YES;
				CLANG_WARN_ENUM_CONVERSION = YES;
				CLANG_WARN_INT_CONVERSION = YES;
				CLANG_WARN__DUPLICATE_METHOD_MATCH = YES;
				CODE_SIGN_IDENTITY = "iPhone Developer";
				"CODE_SIGN_IDENTITY[sdk=iphoneos*]" = "iPhone Developer";
				COPY_PHASE_STRIP = YES;
				GCC_C_LANGUAGE_STANDARD = gnu99;
				GCC_WARN_ABOUT_RETURN_TYPE = YES;
				GCC_WARN_UNINITIALIZED_AUTOS = YES;
				GCC_WARN_UNUSED_VARIABLE = YES;
				IPHONEOS_DEPLOYMENT_TARGET = 6.1;
				OTHER_CFLAGS = "-DNS_BLOCK_ASSERTIONS=1";
				PROVISIONING_PROFILE = "";
				SDKROOT = iphoneos;
				TARGETED_DEVICE_FAMILY = "1,2";
				VALIDATE_PRODUCT = YES;
			};
			name = Release;
		};
		8A0F8AD217315F0F00974581 /* Debug */ = {
			isa = XCBuildConfiguration;
			baseConfigurationReference = F831B74949C7401AB7A03154 /* Pods.xcconfig */;
			buildSettings = {
				GCC_PRECOMPILE_PREFIX_HEADER = YES;
				GCC_PREFIX_HEADER = "Scan&Share/Scan&Share-Prefix.pch";
				INFOPLIST_FILE = "Scan&Share/Scan&Share-Info.plist";
				IPHONEOS_DEPLOYMENT_TARGET = 5.0;
				LIBRARY_SEARCH_PATHS = (
					"$(inherited)",
					"\"$(SRCROOT)/ZBarSDK\"",
				);
				OTHER_LDFLAGS = (
					"-ObjC",
					"-framework",
					CFNetwork,
					"-framework",
					CoreData,
					"-framework",
					MobileCoreServices,
					"-framework",
					Security,
					"-framework",
					SystemConfiguration,
					"-all_load",
				);
				PRODUCT_NAME = "$(TARGET_NAME)";
				WRAPPER_EXTENSION = app;
			};
			name = Debug;
		};
		8A0F8AD317315F0F00974581 /* Release */ = {
			isa = XCBuildConfiguration;
			baseConfigurationReference = F831B74949C7401AB7A03154 /* Pods.xcconfig */;
			buildSettings = {
				GCC_PRECOMPILE_PREFIX_HEADER = YES;
				GCC_PREFIX_HEADER = "Scan&Share/Scan&Share-Prefix.pch";
				INFOPLIST_FILE = "Scan&Share/Scan&Share-Info.plist";
				IPHONEOS_DEPLOYMENT_TARGET = 5.0;
				LIBRARY_SEARCH_PATHS = (
					"$(inherited)",
					"\"$(SRCROOT)/ZBarSDK\"",
				);
				OTHER_LDFLAGS = (
					"-ObjC",
					"-framework",
					CFNetwork,
					"-framework",
					CoreData,
					"-framework",
					MobileCoreServices,
					"-framework",
					Security,
					"-framework",
					SystemConfiguration,
					"-all_load",
				);
				PRODUCT_NAME = "$(TARGET_NAME)";
				WRAPPER_EXTENSION = app;
			};
			name = Release;
		};
/* End XCBuildConfiguration section */

/* Begin XCConfigurationList section */
		8A0F8AAF17315F0F00974581 /* Build configuration list for PBXProject "Scan&Share" */ = {
			isa = XCConfigurationList;
			buildConfigurations = (
				8A0F8ACF17315F0F00974581 /* Debug */,
				8A0F8AD017315F0F00974581 /* Release */,
			);
			defaultConfigurationIsVisible = 0;
			defaultConfigurationName = Release;
		};
		8A0F8AD117315F0F00974581 /* Build configuration list for PBXNativeTarget "Scan&Share" */ = {
			isa = XCConfigurationList;
			buildConfigurations = (
				8A0F8AD217315F0F00974581 /* Debug */,
				8A0F8AD317315F0F00974581 /* Release */,
			);
			defaultConfigurationIsVisible = 0;
			defaultConfigurationName = Release;
		};
/* End XCConfigurationList section */
	};
	rootObject = 8A0F8AAC17315F0F00974581 /* Project object */;
}
